# This file is autogenerated, do not edit; changes may be undone by the next 'dep ensure'.


[[projects]]
  digest = "1:8ef506fc2bb9ced9b151dafa592d4046063d744c646c1bbe801982ce87e4bc24"
  name = "github.com/lib/pq"
  packages = [
    ".",
    "oid",
  ]
  pruneopts = "UT"
  revision = "4ded0e9383f75c197b3a2aaa6d590ac52df6fd79"
  version = "v1.0.0"

[[projects]]
  branch = "master"
  digest = "1:9878200d79556690febd52cacc85712eff1b871b5a35109bbb58b6ea6b12e0cc"
  name = "golang.org/x/crypto"
  packages = [
    "bcrypt",
    "blowfish",
    "sha3",
  ]
  pruneopts = "UT"
  revision = "0e37d006457bf46f9e6692014ba72ef82c33022c"

[[projects]]
  branch = "master"
  digest = "1:b111727f0c050d11728f4b8658499d1933c97ba037c1a7b486eb5b7af55930d4"
  name = "lheinrich.de/lheinrich/golib"
  packages = [
    "pkg/config",
    "pkg/crypter",
    "pkg/db",
    "pkg/handler",
    "pkg/module",
    "pkg/setup",
  ]
  pruneopts = "UT"
  revision = "a3d50942a5b4280dc1e41d05e6e31a453a2f7e87"

[solve-meta]
  analyzer-name = "dep"
  analyzer-version = 1
  input-imports = [
    "github.com/lib/pq",
    "golang.org/x/crypto/bcrypt",
    "lheinrich.de/lheinrich/golib/pkg/config",
    "lheinrich.de/lheinrich/golib/pkg/crypter",
    "lheinrich.de/lheinrich/golib/pkg/db",
    "lheinrich.de/lheinrich/golib/pkg/handler",
    "lheinrich.de/lheinrich/golib/pkg/module",
    "lheinrich.de/lheinrich/golib/pkg/setup",
  ]
  solver-name = "gps-cdcl"
  solver-version = 1
